// !$*UTF8*$!
{
	archiveVersion = 1;
	classes = {
	};
	objectVersion = 46;
	objects = {

/* Begin PBXBuildFile section */
		820BB62D1DDCAA7D00A7B42A /* AppDelegate.swift in Sources */ = {isa = PBXBuildFile; fileRef = 820BB62C1DDCAA7D00A7B42A /* AppDelegate.swift */; };
		820BB6321DDCAA7D00A7B42A /* Main.storyboard in Resources */ = {isa = PBXBuildFile; fileRef = 820BB6301DDCAA7D00A7B42A /* Main.storyboard */; };
		820BB6341DDCAA7D00A7B42A /* Assets.xcassets in Resources */ = {isa = PBXBuildFile; fileRef = 820BB6331DDCAA7D00A7B42A /* Assets.xcassets */; };
		820BB6371DDCAA7D00A7B42A /* LaunchScreen.storyboard in Resources */ = {isa = PBXBuildFile; fileRef = 820BB6351DDCAA7D00A7B42A /* LaunchScreen.storyboard */; };
		820BB6421DDCAA7E00A7B42A /* MusicNowTests.swift in Sources */ = {isa = PBXBuildFile; fileRef = 820BB6411DDCAA7E00A7B42A /* MusicNowTests.swift */; };
		820BB64D1DDCAA7E00A7B42A /* MusicNowUITests.swift in Sources */ = {isa = PBXBuildFile; fileRef = 820BB64C1DDCAA7E00A7B42A /* MusicNowUITests.swift */; };
		820BB65D1DDDC30700A7B42A /* AVFoundation.framework in Frameworks */ = {isa = PBXBuildFile; fileRef = 820BB65C1DDDC30700A7B42A /* AVFoundation.framework */; };
		820BB65F1DDDC45500A7B42A /* sound.mp3 in Resources */ = {isa = PBXBuildFile; fileRef = 820BB65E1DDDC45500A7B42A /* sound.mp3 */; };
		820BB6611DDDEC7400A7B42A /* Music.swift in Sources */ = {isa = PBXBuildFile; fileRef = 820BB6601DDDEC7400A7B42A /* Music.swift */; };
		8F4C5DC51DE99FA8002BA844 /* TableViewCell.swift in Sources */ = {isa = PBXBuildFile; fileRef = 8F4C5DC31DE99FA8002BA844 /* TableViewCell.swift */; };
		8F4C5DC61DE99FA8002BA844 /* TableViewCell.xib in Resources */ = {isa = PBXBuildFile; fileRef = 8F4C5DC41DE99FA8002BA844 /* TableViewCell.xib */; };
		8F4C5DC81DE9B1BF002BA844 /* MainController.swift in Sources */ = {isa = PBXBuildFile; fileRef = 8F4C5DC71DE9B1BF002BA844 /* MainController.swift */; };
/* End PBXBuildFile section */

/* Begin PBXContainerItemProxy section */
		820BB63E1DDCAA7D00A7B42A /* PBXContainerItemProxy */ = {
			isa = PBXContainerItemProxy;
			containerPortal = 820BB6211DDCAA7D00A7B42A /* Project object */;
			proxyType = 1;
			remoteGlobalIDString = 820BB6281DDCAA7D00A7B42A;
			remoteInfo = MusicNow;
		};
		820BB6491DDCAA7E00A7B42A /* PBXContainerItemProxy */ = {
			isa = PBXContainerItemProxy;
			containerPortal = 820BB6211DDCAA7D00A7B42A /* Project object */;
			proxyType = 1;
			remoteGlobalIDString = 820BB6281DDCAA7D00A7B42A;
			remoteInfo = MusicNow;
		};
/* End PBXContainerItemProxy section */

/* Begin PBXFileReference section */
		820BB6291DDCAA7D00A7B42A /* MusicNow.app */ = {isa = PBXFileReference; explicitFileType = wrapper.application; includeInIndex = 0; path = MusicNow.app; sourceTree = BUILT_PRODUCTS_DIR; };
		820BB62C1DDCAA7D00A7B42A /* AppDelegate.swift */ = {isa = PBXFileReference; lastKnownFileType = sourcecode.swift; path = AppDelegate.swift; sourceTree = "<group>"; };
		820BB6311DDCAA7D00A7B42A /* Base */ = {isa = PBXFileReference; lastKnownFileType = file.storyboard; name = Base; path = Base.lproj/Main.storyboard; sourceTree = "<group>"; };
		820BB6331DDCAA7D00A7B42A /* Assets.xcassets */ = {isa = PBXFileReference; lastKnownFileType = folder.assetcatalog; path = Assets.xcassets; sourceTree = "<group>"; };
		820BB6361DDCAA7D00A7B42A /* Base */ = {isa = PBXFileReference; lastKnownFileType = file.storyboard; name = Base; path = Base.lproj/LaunchScreen.storyboard; sourceTree = "<group>"; };
		820BB6381DDCAA7D00A7B42A /* Info.plist */ = {isa = PBXFileReference; lastKnownFileType = text.plist.xml; path = Info.plist; sourceTree = "<group>"; };
		820BB63D1DDCAA7D00A7B42A /* MusicNowTests.xctest */ = {isa = PBXFileReference; explicitFileType = wrapper.cfbundle; includeInIndex = 0; path = MusicNowTests.xctest; sourceTree = BUILT_PRODUCTS_DIR; };
		820BB6411DDCAA7E00A7B42A /* MusicNowTests.swift */ = {isa = PBXFileReference; lastKnownFileType = sourcecode.swift; path = MusicNowTests.swift; sourceTree = "<group>"; };
		820BB6431DDCAA7E00A7B42A /* Info.plist */ = {isa = PBXFileReference; lastKnownFileType = text.plist.xml; path = Info.plist; sourceTree = "<group>"; };
		820BB6481DDCAA7E00A7B42A /* MusicNowUITests.xctest */ = {isa = PBXFileReference; explicitFileType = wrapper.cfbundle; includeInIndex = 0; path = MusicNowUITests.xctest; sourceTree = BUILT_PRODUCTS_DIR; };
		820BB64C1DDCAA7E00A7B42A /* MusicNowUITests.swift */ = {isa = PBXFileReference; lastKnownFileType = sourcecode.swift; path = MusicNowUITests.swift; sourceTree = "<group>"; };
		820BB64E1DDCAA7E00A7B42A /* Info.plist */ = {isa = PBXFileReference; lastKnownFileType = text.plist.xml; path = Info.plist; sourceTree = "<group>"; };
		820BB65C1DDDC30700A7B42A /* AVFoundation.framework */ = {isa = PBXFileReference; lastKnownFileType = wrapper.framework; name = AVFoundation.framework; path = System/Library/Frameworks/AVFoundation.framework; sourceTree = SDKROOT; };
		820BB65E1DDDC45500A7B42A /* sound.mp3 */ = {isa = PBXFileReference; lastKnownFileType = audio.mp3; path = sound.mp3; sourceTree = "<group>"; };
		820BB6601DDDEC7400A7B42A /* Music.swift */ = {isa = PBXFileReference; fileEncoding = 4; lastKnownFileType = sourcecode.swift; path = Music.swift; sourceTree = "<group>"; };
		8F4C5DC31DE99FA8002BA844 /* TableViewCell.swift */ = {isa = PBXFileReference; fileEncoding = 4; lastKnownFileType = sourcecode.swift; path = TableViewCell.swift; sourceTree = "<group>"; };
		8F4C5DC41DE99FA8002BA844 /* TableViewCell.xib */ = {isa = PBXFileReference; fileEncoding = 4; lastKnownFileType = file.xib; path = TableViewCell.xib; sourceTree = "<group>"; };
		8F4C5DC71DE9B1BF002BA844 /* MainController.swift */ = {isa = PBXFileReference; fileEncoding = 4; lastKnownFileType = sourcecode.swift; path = MainController.swift; sourceTree = "<group>"; };
/* End PBXFileReference section */

/* Begin PBXFrameworksBuildPhase section */
		820BB6261DDCAA7D00A7B42A /* Frameworks */ = {
			isa = PBXFrameworksBuildPhase;
			buildActionMask = 2147483647;
			files = (
				820BB65D1DDDC30700A7B42A /* AVFoundation.framework in Frameworks */,
			);
			runOnlyForDeploymentPostprocessing = 0;
		};
		820BB63A1DDCAA7D00A7B42A /* Frameworks */ = {
			isa = PBXFrameworksBuildPhase;
			buildActionMask = 2147483647;
			files = (
			);
			runOnlyForDeploymentPostprocessing = 0;
		};
		820BB6451DDCAA7E00A7B42A /* Frameworks */ = {
			isa = PBXFrameworksBuildPhase;
			buildActionMask = 2147483647;
			files = (
			);
			runOnlyForDeploymentPostprocessing = 0;
		};
/* End PBXFrameworksBuildPhase section */

/* Begin PBXGroup section */
		820BB6201DDCAA7D00A7B42A = {
			isa = PBXGroup;
			children = (
				820BB62B1DDCAA7D00A7B42A /* MusicNow */,
				820BB6401DDCAA7E00A7B42A /* MusicNowTests */,
				820BB64B1DDCAA7E00A7B42A /* MusicNowUITests */,
				820BB62A1DDCAA7D00A7B42A /* Products */,
				820BB65B1DDDC30700A7B42A /* Frameworks */,
			);
			sourceTree = "<group>";
		};
		820BB62A1DDCAA7D00A7B42A /* Products */ = {
			isa = PBXGroup;
			children = (
				820BB6291DDCAA7D00A7B42A /* MusicNow.app */,
				820BB63D1DDCAA7D00A7B42A /* MusicNowTests.xctest */,
				820BB6481DDCAA7E00A7B42A /* MusicNowUITests.xctest */,
			);
			name = Products;
			sourceTree = "<group>";
		};
		820BB62B1DDCAA7D00A7B42A /* MusicNow */ = {
			isa = PBXGroup;
			children = (
				820BB62C1DDCAA7D00A7B42A /* AppDelegate.swift */,
				8F4C5DC71DE9B1BF002BA844 /* MainController.swift */,
				820BB6601DDDEC7400A7B42A /* Music.swift */,
				8F4C5DC31DE99FA8002BA844 /* TableViewCell.swift */,
				820BB6331DDCAA7D00A7B42A /* Assets.xcassets */,
				820BB65E1DDDC45500A7B42A /* sound.mp3 */,
				820BB6301DDCAA7D00A7B42A /* Main.storyboard */,
				820BB6351DDCAA7D00A7B42A /* LaunchScreen.storyboard */,
				8F4C5DC41DE99FA8002BA844 /* TableViewCell.xib */,
				820BB6381DDCAA7D00A7B42A /* Info.plist */,
			);
			path = MusicNow;
			sourceTree = "<group>";
		};
		820BB6401DDCAA7E00A7B42A /* MusicNowTests */ = {
			isa = PBXGroup;
			children = (
				820BB6411DDCAA7E00A7B42A /* MusicNowTests.swift */,
				820BB6431DDCAA7E00A7B42A /* Info.plist */,
			);
			path = MusicNowTests;
			sourceTree = "<group>";
		};
		820BB64B1DDCAA7E00A7B42A /* MusicNowUITests */ = {
			isa = PBXGroup;
			children = (
				820BB64C1DDCAA7E00A7B42A /* MusicNowUITests.swift */,
				820BB64E1DDCAA7E00A7B42A /* Info.plist */,
			);
			path = MusicNowUITests;
			sourceTree = "<group>";
		};
		820BB65B1DDDC30700A7B42A /* Frameworks */ = {
			isa = PBXGroup;
			children = (
				820BB65C1DDDC30700A7B42A /* AVFoundation.framework */,
			);
			name = Frameworks;
			sourceTree = "<group>";
		};
/* End PBXGroup section */

/* Begin PBXNativeTarget section */
		820BB6281DDCAA7D00A7B42A /* MusicNow */ = {
			isa = PBXNativeTarget;
			buildConfigurationList = 820BB6511DDCAA7E00A7B42A /* Build configuration list for PBXNativeTarget "MusicNow" */;
			buildPhases = (
				820BB6251DDCAA7D00A7B42A /* Sources */,
				820BB6261DDCAA7D00A7B42A /* Frameworks */,
				820BB6271DDCAA7D00A7B42A /* Resources */,
			);
			buildRules = (
			);
			dependencies = (
			);
			name = MusicNow;
			productName = MusicNow;
			productReference = 820BB6291DDCAA7D00A7B42A /* MusicNow.app */;
			productType = "com.apple.product-type.application";
		};
		820BB63C1DDCAA7D00A7B42A /* MusicNowTests */ = {
			isa = PBXNativeTarget;
			buildConfigurationList = 820BB6541DDCAA7E00A7B42A /* Build configuration list for PBXNativeTarget "MusicNowTests" */;
			buildPhases = (
				820BB6391DDCAA7D00A7B42A /* Sources */,
				820BB63A1DDCAA7D00A7B42A /* Frameworks */,
				820BB63B1DDCAA7D00A7B42A /* Resources */,
			);
			buildRules = (
			);
			dependencies = (
				820BB63F1DDCAA7D00A7B42A /* PBXTargetDependency */,
			);
			name = MusicNowTests;
			productName = MusicNowTests;
			productReference = 820BB63D1DDCAA7D00A7B42A /* MusicNowTests.xctest */;
			productType = "com.apple.product-type.bundle.unit-test";
		};
		820BB6471DDCAA7E00A7B42A /* MusicNowUITests */ = {
			isa = PBXNativeTarget;
			buildConfigurationList = 820BB6571DDCAA7E00A7B42A /* Build configuration list for PBXNativeTarget "MusicNowUITests" */;
			buildPhases = (
				820BB6441DDCAA7E00A7B42A /* Sources */,
				820BB6451DDCAA7E00A7B42A /* Frameworks */,
				820BB6461DDCAA7E00A7B42A /* Resources */,
			);
			buildRules = (
			);
			dependencies = (
				820BB64A1DDCAA7E00A7B42A /* PBXTargetDependency */,
			);
			name = MusicNowUITests;
			productName = MusicNowUITests;
			productReference = 820BB6481DDCAA7E00A7B42A /* MusicNowUITests.xctest */;
			productType = "com.apple.product-type.bundle.ui-testing";
		};
/* End PBXNativeTarget section */

/* Begin PBXProject section */
		820BB6211DDCAA7D00A7B42A /* Project object */ = {
			isa = PBXProject;
			attributes = {
				LastSwiftUpdateCheck = 0800;
				LastUpgradeCheck = 0800;
				ORGANIZATIONNAME = mohsen;
				TargetAttributes = {
					820BB6281DDCAA7D00A7B42A = {
						CreatedOnToolsVersion = 8.0;
						ProvisioningStyle = Automatic;
					};
					820BB63C1DDCAA7D00A7B42A = {
						CreatedOnToolsVersion = 8.0;
						ProvisioningStyle = Automatic;
						TestTargetID = 820BB6281DDCAA7D00A7B42A;
					};
					820BB6471DDCAA7E00A7B42A = {
						CreatedOnToolsVersion = 8.0;
						ProvisioningStyle = Automatic;
						TestTargetID = 820BB6281DDCAA7D00A7B42A;
					};
				};
			};
			buildConfigurationList = 820BB6241DDCAA7D00A7B42A /* Build configuration list for PBXProject "MusicNow" */;
			compatibilityVersion = "Xcode 3.2";
			developmentRegion = English;
			hasScannedForEncodings = 0;
			knownRegions = (
				en,
				Base,
			);
			mainGroup = 820BB6201DDCAA7D00A7B42A;
			productRefGroup = 820BB62A1DDCAA7D00A7B42A /* Products */;
			projectDirPath = "";
			projectRoot = "";
			targets = (
				820BB6281DDCAA7D00A7B42A /* MusicNow */,
				820BB63C1DDCAA7D00A7B42A /* MusicNowTests */,
				820BB6471DDCAA7E00A7B42A /* MusicNowUITests */,
			);
		};
/* End PBXProject section */

/* Begin PBXResourcesBuildPhase section */
		820BB6271DDCAA7D00A7B42A /* Resources */ = {
			isa = PBXResourcesBuildPhase;
			buildActionMask = 2147483647;
			files = (
				820BB65F1DDDC45500A7B42A /* sound.mp3 in Resources */,
				8F4C5DC61DE99FA8002BA844 /* TableViewCell.xib in Resources */,
				820BB6371DDCAA7D00A7B42A /* LaunchScreen.storyboard in Resources */,
				820BB6341DDCAA7D00A7B42A /* Assets.xcassets in Resources */,
				820BB6321DDCAA7D00A7B42A /* Main.storyboard in Resources */,
			);
			runOnlyForDeploymentPostprocessing = 0;
		};
		820BB63B1DDCAA7D00A7B42A /* Resources */ = {
			isa = PBXResourcesBuildPhase;
			buildActionMask = 2147483647;
			files = (
			);
			runOnlyForDeploymentPostprocessing = 0;
		};
		820BB6461DDCAA7E00A7B42A /* Resources */ = {
			isa = PBXResourcesBuildPhase;
			buildActionMask = 2147483647;
			files = (
			);
			runOnlyForDeploymentPostprocessing = 0;
		};
/* End PBXResourcesBuildPhase section */

/* Begin PBXSourcesBuildPhase section */
		820BB6251DDCAA7D00A7B42A /* Sources */ = {
			isa = PBXSourcesBuildPhase;
			buildActionMask = 2147483647;
			files = (
				8F4C5DC51DE99FA8002BA844 /* TableViewCell.swift in Sources */,
				820BB62D1DDCAA7D00A7B42A /* AppDelegate.swift in Sources */,
				820BB6611DDDEC7400A7B42A /* Music.swift in Sources */,
				8F4C5DC81DE9B1BF002BA844 /* MainController.swift in Sources */,
			);
			runOnlyForDeploymentPostprocessing = 0;
		};
		820BB6391DDCAA7D00A7B42A /* Sources */ = {
			isa = PBXSourcesBuildPhase;
			buildActionMask = 2147483647;
			files = (
				820BB6421DDCAA7E00A7B42A /* MusicNowTests.swift in Sources */,
			);
			runOnlyForDeploymentPostprocessing = 0;
		};
		820BB6441DDCAA7E00A7B42A /* Sources */ = {
			isa = PBXSourcesBuildPhase;
			buildActionMask = 2147483647;
			files = (
				820BB64D1DDCAA7E00A7B42A /* MusicNowUITests.swift in Sources */,
			);
			runOnlyForDeploymentPostprocessing = 0;
		};
/* End PBXSourcesBuildPhase section */

/* Begin PBXTargetDependency section */
		820BB63F1DDCAA7D00A7B42A /* PBXTargetDependency */ = {
			isa = PBXTargetDependency;
			target = 820BB6281DDCAA7D00A7B42A /* MusicNow */;
			targetProxy = 820BB63E1DDCAA7D00A7B42A /* PBXContainerItemProxy */;
		};
		820BB64A1DDCAA7E00A7B42A /* PBXTargetDependency */ = {
			isa = PBXTargetDependency;
			target = 820BB6281DDCAA7D00A7B42A /* MusicNow */;
			targetProxy = 820BB6491DDCAA7E00A7B42A /* PBXContainerItemProxy */;
		};
/* End PBXTargetDependency section */

/* Begin PBXVariantGroup section */
		820BB6301DDCAA7D00A7B42A /* Main.storyboard */ = {
			isa = PBXVariantGroup;
			children = (
				820BB6311DDCAA7D00A7B42A /* Base */,
			);
			name = Main.storyboard;
			sourceTree = "<group>";
		};
		820BB6351DDCAA7D00A7B42A /* LaunchScreen.storyboard */ = {
			isa = PBXVariantGroup;
			children = (
				820BB6361DDCAA7D00A7B42A /* Base */,
			);
			name = LaunchScreen.storyboard;
			sourceTree = "<group>";
		};
/* End PBXVariantGroup section */

/* Begin XCBuildConfiguration section */
		820BB64F1DDCAA7E00A7B42A /* Debug */ = {
			isa = XCBuildConfiguration;
			buildSettings = {
				ALWAYS_SEARCH_USER_PATHS = NO;
				CLANG_ANALYZER_NONNULL = YES;
				CLANG_CXX_LANGUAGE_STANDARD = "gnu++0x";
				CLANG_CXX_LIBRARY = "libc++";
				CLANG_ENABLE_MODULES = YES;
				CLANG_ENABLE_OBJC_ARC = YES;
				CLANG_WARN_BOOL_CONVERSION = YES;
				CLANG_WARN_CONSTANT_CONVERSION = YES;
				CLANG_WARN_DIRECT_OBJC_ISA_USAGE = YES_ERROR;
				CLANG_WARN_DOCUMENTATION_COMMENTS = YES;
				CLANG_WARN_EMPTY_BODY = YES;
				CLANG_WARN_ENUM_CONVERSION = YES;
				CLANG_WARN_INFINITE_RECURSION = YES;
				CLANG_WARN_INT_CONVERSION = YES;
				CLANG_WARN_OBJC_ROOT_CLASS = YES_ERROR;
				CLANG_WARN_SUSPICIOUS_MOVES = YES;
				CLANG_WARN_UNREACHABLE_CODE = YES;
				CLANG_WARN__DUPLICATE_METHOD_MATCH = YES;
				"CODE_SIGN_IDENTITY[sdk=iphoneos*]" = "iPhone Developer";
				COPY_PHASE_STRIP = NO;
				DEBUG_INFORMATION_FORMAT = dwarf;
				ENABLE_STRICT_OBJC_MSGSEND = YES;
				ENABLE_TESTABILITY = YES;
				GCC_C_LANGUAGE_STANDARD = gnu99;
				GCC_DYNAMIC_NO_PIC = NO;
				GCC_NO_COMMON_BLOCKS = YES;
				GCC_OPTIMIZATION_LEVEL = 0;
				GCC_PREPROCESSOR_DEFINITIONS = (
					"DEBUG=1",
					"$(inherited)",
				);
				GCC_WARN_64_TO_32_BIT_CONVERSION = YES;
				GCC_WARN_ABOUT_RETURN_TYPE = YES_ERROR;
				GCC_WARN_UNDECLARED_SELECTOR = YES;
				GCC_WARN_UNINITIALIZED_AUTOS = YES_AGGRESSIVE;
				GCC_WARN_UNUSED_FUNCTION = YES;
				GCC_WARN_UNUSED_VARIABLE = YES;
				IPHONEOS_DEPLOYMENT_TARGET = 10.0;
				MTL_ENABLE_DEBUG_INFO = YES;
				ONLY_ACTIVE_ARCH = YES;
				SDKROOT = iphoneos;
				SWIFT_ACTIVE_COMPILATION_CONDITIONS = DEBUG;
				SWIFT_OPTIMIZATION_LEVEL = "-Onone";
				TARGETED_DEVICE_FAMILY = "1,2";
			};
			name = Debug;
		};
		820BB6501DDCAA7E00A7B42A /* Release */ = {
			isa = XCBuildConfiguration;
			buildSettings = {
				ALWAYS_SEARCH_USER_PATHS = NO;
				CLANG_ANALYZER_NONNULL = YES;
				CLANG_CXX_LANGUAGE_STANDARD = "gnu++0x";
				CLANG_CXX_LIBRARY = "libc++";
				CLANG_ENABLE_MODULES = YES;
				CLANG_ENABLE_OBJC_ARC = YES;
				CLANG_WARN_BOOL_CONVERSION = YES;
				CLANG_WARN_CONSTANT_CONVERSION = YES;
				CLANG_WARN_DIRECT_OBJC_ISA_USAGE = YES_ERROR;
				CLANG_WARN_DOCUMENTATION_COMMENTS = YES;
				CLANG_WARN_EMPTY_BODY = YES;
				CLANG_WARN_ENUM_CONVERSION = YES;
				CLANG_WARN_INFINITE_RECURSION = YES;
				CLANG_WARN_INT_CONVERSION = YES;
				CLANG_WARN_OBJC_ROOT_CLASS = YES_ERROR;
				CLANG_WARN_SUSPICIOUS_MOVES = YES;
				CLANG_WARN_UNREACHABLE_CODE = YES;
				CLANG_WARN__DUPLICATE_METHOD_MATCH = YES;
				"CODE_SIGN_IDENTITY[sdk=iphoneos*]" = "iPhone Developer";
				COPY_PHASE_STRIP = NO;
				DEBUG_INFORMATION_FORMAT = "dwarf-with-dsym";
				ENABLE_NS_ASSERTIONS = NO;
				ENABLE_STRICT_OBJC_MSGSEND = YES;
				GCC_C_LANGUAGE_STANDARD = gnu99;
				GCC_NO_COMMON_BLOCKS = YES;
				GCC_WARN_64_TO_32_BIT_CONVERSION = YES;
				GCC_WARN_ABOUT_RETURN_TYPE = YES_ERROR;
				GCC_WARN_UNDECLARED_SELECTOR = YES;
				GCC_WARN_UNINITIALIZED_AUTOS = YES_AGGRESSIVE;
				GCC_WARN_UNUSED_FUNCTION = YES;
				GCC_WARN_UNUSED_VARIABLE = YES;
				IPHONEOS_DEPLOYMENT_TARGET = 10.0;
				MTL_ENABLE_DEBUG_INFO = NO;
				SDKROOT = iphoneos;
				SWIFT_OPTIMIZATION_LEVEL = "-Owholemodule";
				TARGETED_DEVICE_FAMILY = "1,2";
				VALIDATE_PRODUCT = YES;
			};
			name = Release;
		};
		820BB6521DDCAA7E00A7B42A /* Debug */ = {
			isa = XCBuildConfiguration;
			buildSettings = {
				ASSETCATALOG_COMPILER_APPICON_NAME = AppIcon;
				DEVELOPMENT_TEAM = "";
				INFOPLIST_FILE = MusicNow/Info.plist;
				LD_RUNPATH_SEARCH_PATHS = "$(inherited) @executable_path/Frameworks";
				PRODUCT_BUNDLE_IDENTIFIER = apple.MusicNow;
				PRODUCT_NAME = "$(TARGET_NAME)";
				SWIFT_VERSION = 3.0;
			};
			name = Debug;
		};
		820BB6531DDCAA7E00A7B42A /* Release */ = {
			isa = XCBuildConfiguration;
			buildSettings = {
				ASSETCATALOG_COMPILER_APPICON_NAME = AppIcon;
				DEVELOPMENT_TEAM = "";
				INFOPLIST_FILE = MusicNow/Info.plist;
				LD_RUNPATH_SEARCH_PATHS = "$(inherited) @executable_path/Frameworks";
				PRODUCT_BUNDLE_IDENTIFIER = apple.MusicNow;
				PRODUCT_NAME = "$(TARGET_NAME)";
				SWIFT_VERSION = 3.0;
			};
			name = Release;
		};
		820BB6551DDCAA7E00A7B42A /* Debug */ = {
			isa = XCBuildConfiguration;
			buildSettings = {
				ALWAYS_EMBED_SWIFT_STANDARD_LIBRARIES = YES;
				BUNDLE_LOADER = "$(TEST_HOST)";
				INFOPLIST_FILE = MusicNowTests/Info.plist;
				LD_RUNPATH_SEARCH_PATHS = "$(inherited) @executable_path/Frameworks @loader_path/Frameworks";
				PRODUCT_BUNDLE_IDENTIFIER = apple.MusicNowTests;
				PRODUCT_NAME = "$(TARGET_NAME)";
				SWIFT_VERSION = 3.0;
				TEST_HOST = "$(BUILT_PRODUCTS_DIR)/MusicNow.app/MusicNow";
			};
			name = Debug;
		};
		820BB6561DDCAA7E00A7B42A /* Release */ = {
			isa = XCBuildConfiguration;
			buildSettings = {
				ALWAYS_EMBED_SWIFT_STANDARD_LIBRARIES = YES;
				BUNDLE_LOADER = "$(TEST_HOST)";
				INFOPLIST_FILE = MusicNowTests/Info.plist;
				LD_RUNPATH_SEARCH_PATHS = "$(inherited) @executable_path/Frameworks @loader_path/Frameworks";
				PRODUCT_BUNDLE_IDENTIFIER = apple.MusicNowTests;
				PRODUCT_NAME = "$(TARGET_NAME)";
				SWIFT_VERSION = 3.0;
				TEST_HOST = "$(BUILT_PRODUCTS_DIR)/MusicNow.app/MusicNow";
			};
			name = Release;
		};
		820BB6581DDCAA7E00A7B42A /* Debug */ = {
			isa = XCBuildConfiguration;
			buildSettings = {
				ALWAYS_EMBED_SWIFT_STANDARD_LIBRARIES = YES;
				INFOPLIST_FILE = MusicNowUITests/Info.plist;
				LD_RUNPATH_SEARCH_PATHS = "$(inherited) @executable_path/Frameworks @loader_path/Frameworks";
				PRODUCT_BUNDLE_IDENTIFIER = apple.MusicNowUITests;
				PRODUCT_NAME = "$(TARGET_NAME)";
				SWIFT_VERSION = 3.0;
				TEST_TARGET_NAME = MusicNow;
			};
			name = Debug;
		};
		820BB6591DDCAA7E00A7B42A /* Release */ = {
			isa = XCBuildConfiguration;
			buildSettings = {
				ALWAYS_EMBED_SWIFT_STANDARD_LIBRARIES = YES;
				INFOPLIST_FILE = MusicNowUITests/Info.plist;
				LD_RUNPATH_SEARCH_PATHS = "$(inherited) @executable_path/Frameworks @loader_path/Frameworks";
				PRODUCT_BUNDLE_IDENTIFIER = apple.MusicNowUITests;
				PRODUCT_NAME = "$(TARGET_NAME)";
				SWIFT_VERSION = 3.0;
				TEST_TARGET_NAME = MusicNow;
			};
			name = Release;
		};
/* End XCBuildConfiguration section */

/* Begin XCConfigurationList section */
		820BB6241DDCAA7D00A7B42A /* Build configuration list for PBXProject "MusicNow" */ = {
			isa = XCConfigurationList;
			buildConfigurations = (
				820BB64F1DDCAA7E00A7B42A /* Debug */,
				820BB6501DDCAA7E00A7B42A /* Release */,
			);
			defaultConfigurationIsVisible = 0;
			defaultConfigurationName = Release;
		};
		820BB6511DDCAA7E00A7B42A /* Build configuration list for PBXNativeTarget "MusicNow" */ = {
			isa = XCConfigurationList;
			buildConfigurations = (
				820BB6521DDCAA7E00A7B42A /* Debug */,
				820BB6531DDCAA7E00A7B42A /* Release */,
			);
			defaultConfigurationIsVisible = 0;
			defaultConfigurationName = Release;
		};
		820BB6541DDCAA7E00A7B42A /* Build configuration list for PBXNativeTarget "MusicNowTests" */ = {
			isa = XCConfigurationList;
			buildConfigurations = (
				820BB6551DDCAA7E00A7B42A /* Debug */,
				820BB6561DDCAA7E00A7B42A /* Release */,
			);
			defaultConfigurationIsVisible = 0;
			defaultConfigurationName = Release;
		};
		820BB6571DDCAA7E00A7B42A /* Build configuration list for PBXNativeTarget "MusicNowUITests" */ = {
			isa = XCConfigurationList;
			buildConfigurations = (
				820BB6581DDCAA7E00A7B42A /* Debug */,
				820BB6591DDCAA7E00A7B42A /* Release */,
			);
			defaultConfigurationIsVisible = 0;
			defaultConfigurationName = Release;
		};
/* End XCConfigurationList section */
	};
	rootObject = 820BB6211DDCAA7D00A7B42A /* Project object */;
}
